
Microsoft Visual Studio Solution File, Format Version 12.00
# Visual Studio Version 17
VisualStudioVersion = 17.9.34607.119
MinimumVisualStudioVersion = 10.0.40219.1
Project("{8BC9CEB8-8B4A-11D0-8D11-00A0C91BC942}") = "GammaToggler", "GammaToggler.vcxproj", "{49A1D52C-D3F8-4B55-B184-D6D9ACD7F378}"
EndProject
Global
	GlobalSection(SolutionConfigurationPlatforms) = preSolution
		Debug|x64 = Debug|x64
		Debug|x86 = Debug|x86
		Release|x64 = Release|x64
		Release|x86 = Release|x86
	EndGlobalSection
	GlobalSection(ProjectConfigurationPlatforms) = postSolution
		{49A1D52C-D3F8-4B55-B184-D6D9ACD7F378}.Debug|x64.ActiveCfg = Debug|x64
		{49A1D52C-D3F8-4B55-B184-D6D9ACD7F378}.Debug|x64.Build.0 = Debug|x64
		{49A1D52C-D3F8-4B55-B184-D6D9ACD7F378}.Debug|x86.ActiveCfg = Debug|Win32
		{49A1D52C-D3F8-4B55-B184-D6D9ACD7F378}.Debug|x86.Build.0 = Debug|Win32
		{49A1D52C-D3F8-4B55-B184-D6D9ACD7F378}.Release|x64.ActiveCfg = Release|x64
		{49A1D52C-D3F8-4B55-B184-D6D9ACD7F378}.Release|x64.Build.0 = Release|x64
		{49A1D52C-D3F8-4B55-B184-D6D9ACD7F378}.Release|x86.ActiveCfg = Release|Win32
		{49A1D52C-D3F8-4B55-B184-D6D9ACD7F378}.Release|x86.Build.0 = Release|Win32
	EndGlobalSection
	GlobalSection(SolutionProperties) = preSolution
		HideSolutionNode = FALSE
	EndGlobalSection
	GlobalSection(ExtensibilityGlobals) = postSolution
		SolutionGuid = {419D14EF-F8C7-4A26-8B38-9BB2D4C2D9F0}
	EndGlobalSection
EndGlobal
